
Microsoft Visual Studio Solution File, Format Version 12.00
# Visual Studio Version 17
VisualStudioVersion = 17.10.35013.160
MinimumVisualStudioVersion = 10.0.40219.1
Project("{FAE04EC0-301F-11D3-BF4B-00C04F79EFBC}") = "Oleksandr_Lut_zal", "Oleksandr_Lut_zal\Oleksandr_Lut_zal.csproj", "{811D5E48-ECD6-43B4-9E35-D36D5839721A}"
EndProject
Global
	GlobalSection(SolutionConfigurationPlatforms) = preSolution
		Debug|Any CPU = Debug|Any CPU
		Release|Any CPU = Release|Any CPU
	EndGlobalSection
	GlobalSection(ProjectConfigurationPlatforms) = postSolution
		{811D5E48-ECD6-43B4-9E35-D36D5839721A}.Debug|Any CPU.ActiveCfg = Debug|Any CPU
		{811D5E48-ECD6-43B4-9E35-D36D5839721A}.Debug|Any CPU.Build.0 = Debug|Any CPU
		{811D5E48-ECD6-43B4-9E35-D36D5839721A}.Release|Any CPU.ActiveCfg = Release|Any CPU
		{811D5E48-ECD6-43B4-9E35-D36D5839721A}.Release|Any CPU.Build.0 = Release|Any CPU
	EndGlobalSection
	GlobalSection(SolutionProperties) = preSolution
		HideSolutionNode = FALSE
	EndGlobalSection
	GlobalSection(ExtensibilityGlobals) = postSolution
		SolutionGuid = {35789883-E1D7-4762-988A-009954FE6626}
	EndGlobalSection
EndGlobal
